
Microsoft Visual Studio Solution File, Format Version 12.00
# Visual Studio 15
VisualStudioVersion = 15.0.28010.2036
MinimumVisualStudioVersion = 10.0.40219.1
Project("{FAE04EC0-301F-11D3-BF4B-00C04F79EFBC}") = "Pluralsight.BingCustomSearch", "Pluralsight.BingCustomSearch\Pluralsight.BingCustomSearch.csproj", "{163336D0-D613-441F-A267-7019FCBA01E5}"
EndProject
Global
	GlobalSection(SolutionConfigurationPlatforms) = preSolution
		Debug|Any CPU = Debug|Any CPU
		Release|Any CPU = Release|Any CPU
	EndGlobalSection
	GlobalSection(ProjectConfigurationPlatforms) = postSolution
		{163336D0-D613-441F-A267-7019FCBA01E5}.Debug|Any CPU.ActiveCfg = Debug|Any CPU
		{163336D0-D613-441F-A267-7019FCBA01E5}.Debug|Any CPU.Build.0 = Debug|Any CPU
		{163336D0-D613-441F-A267-7019FCBA01E5}.Release|Any CPU.ActiveCfg = Release|Any CPU
		{163336D0-D613-441F-A267-7019FCBA01E5}.Release|Any CPU.Build.0 = Release|Any CPU
	EndGlobalSection
	GlobalSection(SolutionProperties) = preSolution
		HideSolutionNode = FALSE
	EndGlobalSection
	GlobalSection(ExtensibilityGlobals) = postSolution
		SolutionGuid = {AD52B271-7F4F-4A8E-B022-2CBBFD0E30E0}
	EndGlobalSection
EndGlobal
